b44e6e8e80f07bdb6bbf89698e681683900870bcc7e4d86a0ffb3e38523c0dcd  https://cdn.jsdelivr.net/gh/selfhst/icons@2053b70b283ffed5f2cc1424d1e17d9c554a846d/png/jetbrains.png
f4e6f8d055b165bb2e967c745131983aaa553eabe8aed5bc3db034a133e3bc12  https://cdn.jsdelivr.net/gh/selfhst/icons@2053b70b283ffed5f2cc1424d1e17d9c554a846d/png/youtube.png
2a1509dccd25e6d2bc7a11a8e52941077e1a48555e192ce638699b9f083c2a7c  https://cdn.jsdelivr.net/npm/simple-icons@16.34.0/icons/apple.svg
c67a0d30202ef8f85d1cff1309517c2eeeb31113251e2bb21ea02bfcf1868274  https://cdn.jsdelivr.net/npm/simple-icons@16.34.0/icons/arc.svg
e4d4aae5d6b2e48aae119bf1b787b4adbd1f4583c5ae729cce2016499f414493  https://cdn.jsdelivr.net/npm/simple-icons@16.34.0/icons/deepl.svg
3bf8cceead820aec50d4ee825a3fd02c5a1cd6665cc9cf4cbf3d9c8861a204bb  https://cdn.jsdelivr.net/npm/simple-icons@16.34.0/icons/github.svg
2e8226937f1b6e8bdc51cd0c0e194df5530dd8af30fc46ff8ada1e837ca70dc4  https://cdn.jsdelivr.net/npm/simple-icons@16.34.0/icons/speedtest.svg
693e68863eceb8dc9f72e2acd386ab9c20a10858dab2c076212f7084cb7a32fe  https://cdn.jsdelivr.net/npm/simple-icons@16.34.0/icons/x.svg
f8aaaf308e14fef5864d7f5eab1b85990155998b6da4ff51dde5f5118afe5a5d  https://raw.githubusercontent.com/homarr-labs/dashboard-icons/adca944175c9a3eb0471f78a4da87f237476d585/png/google.png
f6fd02b1c4823ceb7d0782134d48f1ca0e418aff71f9fb0e84f09626c3566746  https://raw.githubusercontent.com/homarr-labs/dashboard-icons/adca944175c9a3eb0471f78a4da87f237476d585/png/netflix.png
e2ca5ac17f9c7f3e58e19abd3c87e577479468438513b58edb6b7a50ceea0097  https://raw.githubusercontent.com/homarr-labs/dashboard-icons/adca944175c9a3eb0471f78a4da87f237476d585/png/paypal.png
71fd7b7249b6c9ec260b788daa9332f0589b4144f3ecfb4584392fd256b70e69  https://raw.githubusercontent.com/homarr-labs/dashboard-icons/adca944175c9a3eb0471f78a4da87f237476d585/png/wechat.png
ad0ea07cb6627c268dae721d9647019e6e3ce1b51c8f4ba8ec8ddf4618546140  https://upload.wikimedia.org/wikipedia/commons/3/3e/Disney%2B_logo.svg
